// !$*UTF8*$!
{
	archiveVersion = 1;
	classes = {
	};
	objectVersion = 50;
	objects = {

/* Begin PBXBuildFile section */
		9AD7B08522A026BE005DA6A1 /* AppDelegate.swift in Sources */ = {isa = PBXBuildFile; fileRef = 9AD7B08422A026BE005DA6A1 /* AppDelegate.swift */; };
		9AD7B08722A026BE005DA6A1 /* ViewController.swift in Sources */ = {isa = PBXBuildFile; fileRef = 9AD7B08622A026BE005DA6A1 /* ViewController.swift */; };
		9AD7B08A22A026BE005DA6A1 /* Main.storyboard in Resources */ = {isa = PBXBuildFile; fileRef = 9AD7B08822A026BE005DA6A1 /* Main.storyboard */; };
		9AD7B08C22A026C6005DA6A1 /* Assets.xcassets in Resources */ = {isa = PBXBuildFile; fileRef = 9AD7B08B22A026C6005DA6A1 /* Assets.xcassets */; };
		9AD7B08F22A026C6005DA6A1 /* LaunchScreen.storyboard in Resources */ = {isa = PBXBuildFile; fileRef = 9AD7B08D22A026C6005DA6A1 /* LaunchScreen.storyboard */; };
		9AD7B09722A030F4005DA6A1 /* CheckBox.swift in Sources */ = {isa = PBXBuildFile; fileRef = 9AD7B09622A030F4005DA6A1 /* CheckBox.swift */; };
/* End PBXBuildFile section */

/* Begin PBXFileReference section */
		9AD7B08122A026BE005DA6A1 /* Custom_checkbox.app */ = {isa = PBXFileReference; explicitFileType = wrapper.application; includeInIndex = 0; path = Custom_checkbox.app; sourceTree = BUILT_PRODUCTS_DIR; };
		9AD7B08422A026BE005DA6A1 /* AppDelegate.swift */ = {isa = PBXFileReference; lastKnownFileType = sourcecode.swift; path = AppDelegate.swift; sourceTree = "<group>"; };
		9AD7B08622A026BE005DA6A1 /* ViewController.swift */ = {isa = PBXFileReference; lastKnownFileType = sourcecode.swift; path = ViewController.swift; sourceTree = "<group>"; };
		9AD7B08922A026BE005DA6A1 /* Base */ = {isa = PBXFileReference; lastKnownFileType = file.storyboard; name = Base; path = Base.lproj/Main.storyboard; sourceTree = "<group>"; };
		9AD7B08B22A026C6005DA6A1 /* Assets.xcassets */ = {isa = PBXFileReference; lastKnownFileType = folder.assetcatalog; path = Assets.xcassets; sourceTree = "<group>"; };
		9AD7B08E22A026C6005DA6A1 /* Base */ = {isa = PBXFileReference; lastKnownFileType = file.storyboard; name = Base; path = Base.lproj/LaunchScreen.storyboard; sourceTree = "<group>"; };
		9AD7B09022A026C6005DA6A1 /* Info.plist */ = {isa = PBXFileReference; lastKnownFileType = text.plist.xml; path = Info.plist; sourceTree = "<group>"; };
		9AD7B09622A030F4005DA6A1 /* CheckBox.swift */ = {isa = PBXFileReference; lastKnownFileType = sourcecode.swift; path = CheckBox.swift; sourceTree = "<group>"; };
/* End PBXFileReference section */

/* Begin PBXFrameworksBuildPhase section */
		9AD7B07E22A026BE005DA6A1 /* Frameworks */ = {
			isa = PBXFrameworksBuildPhase;
			buildActionMask = 2147483647;
			files = (
			);
			runOnlyForDeploymentPostprocessing = 0;
		};
/* End PBXFrameworksBuildPhase section */

/* Begin PBXGroup section */
		9AD7B07822A026BE005DA6A1 = {
			isa = PBXGroup;
			children = (
				9AD7B08322A026BE005DA6A1 /* Custom_checkbox */,
				9AD7B08222A026BE005DA6A1 /* Products */,
			);
			sourceTree = "<group>";
		};
		9AD7B08222A026BE005DA6A1 /* Products */ = {
			isa = PBXGroup;
			children = (
				9AD7B08122A026BE005DA6A1 /* Custom_checkbox.app */,
			);
			name = Products;
			sourceTree = "<group>";
		};
		9AD7B08322A026BE005DA6A1 /* Custom_checkbox */ = {
			isa = PBXGroup;
			children = (
				9AD7B08422A026BE005DA6A1 /* AppDelegate.swift */,
				9AD7B08622A026BE005DA6A1 /* ViewController.swift */,
				9AD7B08822A026BE005DA6A1 /* Main.storyboard */,
				9AD7B08B22A026C6005DA6A1 /* Assets.xcassets */,
				9AD7B08D22A026C6005DA6A1 /* LaunchScreen.storyboard */,
				9AD7B09022A026C6005DA6A1 /* Info.plist */,
				9AD7B09622A030F4005DA6A1 /* CheckBox.swift */,
			);
			path = Custom_checkbox;
			sourceTree = "<group>";
		};
/* End PBXGroup section */

/* Begin PBXNativeTarget section */
		9AD7B08022A026BE005DA6A1 /* Custom_checkbox */ = {
			isa = PBXNativeTarget;
			buildConfigurationList = 9AD7B09322A026C6005DA6A1 /* Build configuration list for PBXNativeTarget "Custom_checkbox" */;
			buildPhases = (
				9AD7B07D22A026BE005DA6A1 /* Sources */,
				9AD7B07E22A026BE005DA6A1 /* Frameworks */,
				9AD7B07F22A026BE005DA6A1 /* Resources */,
			);
			buildRules = (
			);
			dependencies = (
			);
			name = Custom_checkbox;
			productName = Custom_checkbox;
			productReference = 9AD7B08122A026BE005DA6A1 /* Custom_checkbox.app */;
			productType = "com.apple.product-type.application";
		};
/* End PBXNativeTarget section */

/* Begin PBXProject section */
		9AD7B07922A026BE005DA6A1 /* Project object */ = {
			isa = PBXProject;
			attributes = {
				LastSwiftUpdateCheck = 1020;
				LastUpgradeCheck = 1020;
				ORGANIZATIONNAME = "Jamer Quiroga";
				TargetAttributes = {
					9AD7B08022A026BE005DA6A1 = {
						CreatedOnToolsVersion = 10.2.1;
					};
				};
			};
			buildConfigurationList = 9AD7B07C22A026BE005DA6A1 /* Build configuration list for PBXProject "Custom_checkbox" */;
			compatibilityVersion = "Xcode 9.3";
			developmentRegion = en;
			hasScannedForEncodings = 0;
			knownRegions = (
				en,
				Base,
			);
			mainGroup = 9AD7B07822A026BE005DA6A1;
			productRefGroup = 9AD7B08222A026BE005DA6A1 /* Products */;
			projectDirPath = "";
			projectRoot = "";
			targets = (
				9AD7B08022A026BE005DA6A1 /* Custom_checkbox */,
			);
		};
/* End PBXProject section */

/* Begin PBXResourcesBuildPhase section */
		9AD7B07F22A026BE005DA6A1 /* Resources */ = {
			isa = PBXResourcesBuildPhase;
			buildActionMask = 2147483647;
			files = (
				9AD7B08F22A026C6005DA6A1 /* LaunchScreen.storyboard in Resources */,
				9AD7B08C22A026C6005DA6A1 /* Assets.xcassets in Resources */,
				9AD7B08A22A026BE005DA6A1 /* Main.storyboard in Resources */,
			);
			runOnlyForDeploymentPostprocessing = 0;
		};
/* End PBXResourcesBuildPhase section */

/* Begin PBXSourcesBuildPhase section */
		9AD7B07D22A026BE005DA6A1 /* Sources */ = {
			isa = PBXSourcesBuildPhase;
			buildActionMask = 2147483647;
			files = (
				9AD7B08722A026BE005DA6A1 /* ViewController.swift in Sources */,
				9AD7B08522A026BE005DA6A1 /* AppDelegate.swift in Sources */,
				9AD7B09722A030F4005DA6A1 /* CheckBox.swift in Sources */,
			);
			runOnlyForDeploymentPostprocessing = 0;
		};
/* End PBXSourcesBuildPhase section */

/* Begin PBXVariantGroup section */
		9AD7B08822A026BE005DA6A1 /* Main.storyboard */ = {
			isa = PBXVariantGroup;
			children = (
				9AD7B08922A026BE005DA6A1 /* Base */,
			);
			name = Main.storyboard;
			sourceTree = "<group>";
		};
		9AD7B08D22A026C6005DA6A1 /* LaunchScreen.storyboard */ = {
			isa = PBXVariantGroup;
			children = (
				9AD7B08E22A026C6005DA6A1 /* Base */,
			);
			name = LaunchScreen.storyboard;
			sourceTree = "<group>";
		};
/* End PBXVariantGroup section */

/* Begin XCBuildConfiguration section */
		9AD7B09122A026C6005DA6A1 /* Debug */ = {
			isa = XCBuildConfiguration;
			buildSettings = {
				ALWAYS_SEARCH_USER_PATHS = NO;
				CLANG_ANALYZER_NONNULL = YES;
				CLANG_ANALYZER_NUMBER_OBJECT_CONVERSION = YES_AGGRESSIVE;
				CLANG_CXX_LANGUAGE_STANDARD = "gnu++14";
				CLANG_CXX_LIBRARY = "libc++";
				CLANG_ENABLE_MODULES = YES;
				CLANG_ENABLE_OBJC_ARC = YES;
				CLANG_ENABLE_OBJC_WEAK = YES;
				CLANG_WARN_BLOCK_CAPTURE_AUTORELEASING = YES;
				CLANG_WARN_BOOL_CONVERSION = YES;
				CLANG_WARN_COMMA = YES;
				CLANG_WARN_CONSTANT_CONVERSION = YES;
				CLANG_WARN_DEPRECATED_OBJC_IMPLEMENTATIONS = YES;
				CLANG_WARN_DIRECT_OBJC_ISA_USAGE = YES_ERROR;
				CLANG_WARN_DOCUMENTATION_COMMENTS = YES;
				CLANG_WARN_EMPTY_BODY = YES;
				CLANG_WARN_ENUM_CONVERSION = YES;
				CLANG_WARN_INFINITE_RECURSION = YES;
				CLANG_WARN_INT_CONVERSION = YES;
				CLANG_WARN_NON_LITERAL_NULL_CONVERSION = YES;
				CLANG_WARN_OBJC_IMPLICIT_RETAIN_SELF = YES;
				CLANG_WARN_OBJC_LITERAL_CONVERSION = YES;
				CLANG_WARN_OBJC_ROOT_CLASS = YES_ERROR;
				CLANG_WARN_RANGE_LOOP_ANALYSIS = YES;
				CLANG_WARN_STRICT_PROTOTYPES = YES;
				CLANG_WARN_SUSPICIOUS_MOVE = YES;
				CLANG_WARN_UNGUARDED_AVAILABILITY = YES_AGGRESSIVE;
				CLANG_WARN_UNREACHABLE_CODE = YES;
				CLANG_WARN__DUPLICATE_METHOD_MATCH = YES;
				CODE_SIGN_IDENTITY = "iPhone Developer";
				COPY_PHASE_STRIP = NO;
				DEBUG_INFORMATION_FORMAT = dwarf;
				ENABLE_STRICT_OBJC_MSGSEND = YES;
				ENABLE_TESTABILITY = YES;
				GCC_C_LANGUAGE_STANDARD = gnu11;
				GCC_DYNAMIC_NO_PIC = NO;
				GCC_NO_COMMON_BLOCKS = YES;
				GCC_OPTIMIZATION_LEVEL = 0;
				GCC_PREPROCESSOR_DEFINITIONS = (
					"DEBUG=1",
					"$(inherited)",
				);
				GCC_WARN_64_TO_32_BIT_CONVERSION = YES;
				GCC_WARN_ABOUT_RETURN_TYPE = YES_ERROR;
				GCC_WARN_UNDECLARED_SELECTOR = YES;
				GCC_WARN_UNINITIALIZED_AUTOS = YES_AGGRESSIVE;
				GCC_WARN_UNUSED_FUNCTION = YES;
				GCC_WARN_UNUSED_VARIABLE = YES;
				IPHONEOS_DEPLOYMENT_TARGET = 12.2;
				MTL_ENABLE_DEBUG_INFO = INCLUDE_SOURCE;
				MTL_FAST_MATH = YES;
				ONLY_ACTIVE_ARCH = YES;
				SDKROOT = iphoneos;
				SWIFT_ACTIVE_COMPILATION_CONDITIONS = DEBUG;
				SWIFT_OPTIMIZATION_LEVEL = "-Onone";
			};
			name = Debug;
		};
		9AD7B09222A026C6005DA6A1 /* Release */ = {
			isa = XCBuildConfiguration;
			buildSettings = {
				ALWAYS_SEARCH_USER_PATHS = NO;
				CLANG_ANALYZER_NONNULL = YES;
				CLANG_ANALYZER_NUMBER_OBJECT_CONVERSION = YES_AGGRESSIVE;
				CLANG_CXX_LANGUAGE_STANDARD = "gnu++14";
				CLANG_CXX_LIBRARY = "libc++";
				CLANG_ENABLE_MODULES = YES;
				CLANG_ENABLE_OBJC_ARC = YES;
				CLANG_ENABLE_OBJC_WEAK = YES;
				CLANG_WARN_BLOCK_CAPTURE_AUTORELEASING = YES;
				CLANG_WARN_BOOL_CONVERSION = YES;
				CLANG_WARN_COMMA = YES;
				CLANG_WARN_CONSTANT_CONVERSION = YES;
				CLANG_WARN_DEPRECATED_OBJC_IMPLEMENTATIONS = YES;
				CLANG_WARN_DIRECT_OBJC_ISA_USAGE = YES_ERROR;
				CLANG_WARN_DOCUMENTATION_COMMENTS = YES;
				CLANG_WARN_EMPTY_BODY = YES;
				CLANG_WARN_ENUM_CONVERSION = YES;
				CLANG_WARN_INFINITE_RECURSION = YES;
				CLANG_WARN_INT_CONVERSION = YES;
				CLANG_WARN_NON_LITERAL_NULL_CONVERSION = YES;
				CLANG_WARN_OBJC_IMPLICIT_RETAIN_SELF = YES;
				CLANG_WARN_OBJC_LITERAL_CONVERSION = YES;
				CLANG_WARN_OBJC_ROOT_CLASS = YES_ERROR;
				CLANG_WARN_RANGE_LOOP_ANALYSIS = YES;
				CLANG_WARN_STRICT_PROTOTYPES = YES;
				CLANG_WARN_SUSPICIOUS_MOVE = YES;
				CLANG_WARN_UNGUARDED_AVAILABILITY = YES_AGGRESSIVE;
				CLANG_WARN_UNREACHABLE_CODE = YES;
				CLANG_WARN__DUPLICATE_METHOD_MATCH = YES;
				CODE_SIGN_IDENTITY = "iPhone Developer";
				COPY_PHASE_STRIP = NO;
				DEBUG_INFORMATION_FORMAT = "dwarf-with-dsym";
				ENABLE_NS_ASSERTIONS = NO;
				ENABLE_STRICT_OBJC_MSGSEND = YES;
				GCC_C_LANGUAGE_STANDARD = gnu11;
				GCC_NO_COMMON_BLOCKS = YES;
				GCC_WARN_64_TO_32_BIT_CONVERSION = YES;
				GCC_WARN_ABOUT_RETURN_TYPE = YES_ERROR;
				GCC_WARN_UNDECLARED_SELECTOR = YES;
				GCC_WARN_UNINITIALIZED_AUTOS = YES_AGGRESSIVE;
				GCC_WARN_UNUSED_FUNCTION = YES;
				GCC_WARN_UNUSED_VARIABLE = YES;
				IPHONEOS_DEPLOYMENT_TARGET = 12.2;
				MTL_ENABLE_DEBUG_INFO = NO;
				MTL_FAST_MATH = YES;
				SDKROOT = iphoneos;
				SWIFT_COMPILATION_MODE = wholemodule;
				SWIFT_OPTIMIZATION_LEVEL = "-O";
				VALIDATE_PRODUCT = YES;
			};
			name = Release;
		};
		9AD7B09422A026C6005DA6A1 /* Debug */ = {
			isa = XCBuildConfiguration;
			buildSettings = {
				ASSETCATALOG_COMPILER_APPICON_NAME = AppIcon;
				CODE_SIGN_STYLE = Automatic;
				DEVELOPMENT_TEAM = LYNVR8H34A;
				INFOPLIST_FILE = Custom_checkbox/Info.plist;
				LD_RUNPATH_SEARCH_PATHS = (
					"$(inherited)",
					"@executable_path/Frameworks",
				);
				PRODUCT_BUNDLE_IDENTIFIER = "com.jamerquiroga.Custom-checkbox";
				PRODUCT_NAME = "$(TARGET_NAME)";
				SWIFT_VERSION = 5.0;
				TARGETED_DEVICE_FAMILY = "1,2";
			};
			name = Debug;
		};
		9AD7B09522A026C6005DA6A1 /* Release */ = {
			isa = XCBuildConfiguration;
			buildSettings = {
				ASSETCATALOG_COMPILER_APPICON_NAME = AppIcon;
				CODE_SIGN_STYLE = Automatic;
				DEVELOPMENT_TEAM = LYNVR8H34A;
				INFOPLIST_FILE = Custom_checkbox/Info.plist;
				LD_RUNPATH_SEARCH_PATHS = (
					"$(inherited)",
					"@executable_path/Frameworks",
				);
				PRODUCT_BUNDLE_IDENTIFIER = "com.jamerquiroga.Custom-checkbox";
				PRODUCT_NAME = "$(TARGET_NAME)";
				SWIFT_VERSION = 5.0;
				TARGETED_DEVICE_FAMILY = "1,2";
			};
			name = Release;
		};
/* End XCBuildConfiguration section */

/* Begin XCConfigurationList section */
		9AD7B07C22A026BE005DA6A1 /* Build configuration list for PBXProject "Custom_checkbox" */ = {
			isa = XCConfigurationList;
			buildConfigurations = (
				9AD7B09122A026C6005DA6A1 /* Debug */,
				9AD7B09222A026C6005DA6A1 /* Release */,
			);
			defaultConfigurationIsVisible = 0;
			defaultConfigurationName = Release;
		};
		9AD7B09322A026C6005DA6A1 /* Build configuration list for PBXNativeTarget "Custom_checkbox" */ = {
			isa = XCConfigurationList;
			buildConfigurations = (
				9AD7B09422A026C6005DA6A1 /* Debug */,
				9AD7B09522A026C6005DA6A1 /* Release */,
			);
			defaultConfigurationIsVisible = 0;
			defaultConfigurationName = Release;
		};
/* End XCConfigurationList section */
	};
	rootObject = 9AD7B07922A026BE005DA6A1 /* Project object */;
}
